// !$*UTF8*$!
{
	archiveVersion = 1;
	classes = {
	};
	objectVersion = 55;
	objects = {

/* Begin PBXBuildFile section */
		24124C8E284E245800951E3D /* AppDelegate.swift in Sources */ = {isa = PBXBuildFile; fileRef = 24124C8D284E245800951E3D /* AppDelegate.swift */; };
		24124C90284E245800951E3D /* SceneDelegate.swift in Sources */ = {isa = PBXBuildFile; fileRef = 24124C8F284E245800951E3D /* SceneDelegate.swift */; };
		24124C92284E245800951E3D /* MainViewController.swift in Sources */ = {isa = PBXBuildFile; fileRef = 24124C91284E245800951E3D /* MainViewController.swift */; };
		24124C97284E245A00951E3D /* Assets.xcassets in Resources */ = {isa = PBXBuildFile; fileRef = 24124C96284E245A00951E3D /* Assets.xcassets */; };
		24124C9A284E245A00951E3D /* LaunchScreen.storyboard in Resources */ = {isa = PBXBuildFile; fileRef = 24124C98284E245A00951E3D /* LaunchScreen.storyboard */; };
		241602F72858EE8D00CCFCEE /* WeatherView.swift in Sources */ = {isa = PBXBuildFile; fileRef = 241602F62858EE8D00CCFCEE /* WeatherView.swift */; };
		241602FB2858F26D00CCFCEE /* Roboto-Bold.ttf in Resources */ = {isa = PBXBuildFile; fileRef = 241602F92858F26D00CCFCEE /* Roboto-Bold.ttf */; };
		241602FC2858F26D00CCFCEE /* Roboto-Medium.ttf in Resources */ = {isa = PBXBuildFile; fileRef = 241602FA2858F26D00CCFCEE /* Roboto-Medium.ttf */; };
		241603002858F3B500CCFCEE /* UIView + Extensions.swift in Sources */ = {isa = PBXBuildFile; fileRef = 241602FF2858F3B500CCFCEE /* UIView + Extensions.swift */; };
		241603022858F4CC00CCFCEE /* UIFont + Extensions.swift in Sources */ = {isa = PBXBuildFile; fileRef = 241603012858F4CC00CCFCEE /* UIFont + Extensions.swift */; };
		241603042858F50F00CCFCEE /* UIColor + Extensions.swift in Sources */ = {isa = PBXBuildFile; fileRef = 241603032858F50F00CCFCEE /* UIColor + Extensions.swift */; };
		2481054D2857A91000F2B9AE /* CalendarView.swift in Sources */ = {isa = PBXBuildFile; fileRef = 2481054C2857A91000F2B9AE /* CalendarView.swift */; };
/* End PBXBuildFile section */

/* Begin PBXFileReference section */
		24124C8A284E245800951E3D /* Fitness_App.app */ = {isa = PBXFileReference; explicitFileType = wrapper.application; includeInIndex = 0; path = Fitness_App.app; sourceTree = BUILT_PRODUCTS_DIR; };
		24124C8D284E245800951E3D /* AppDelegate.swift */ = {isa = PBXFileReference; lastKnownFileType = sourcecode.swift; path = AppDelegate.swift; sourceTree = "<group>"; };
		24124C8F284E245800951E3D /* SceneDelegate.swift */ = {isa = PBXFileReference; lastKnownFileType = sourcecode.swift; path = SceneDelegate.swift; sourceTree = "<group>"; };
		24124C91284E245800951E3D /* MainViewController.swift */ = {isa = PBXFileReference; lastKnownFileType = sourcecode.swift; path = MainViewController.swift; sourceTree = "<group>"; };
		24124C96284E245A00951E3D /* Assets.xcassets */ = {isa = PBXFileReference; lastKnownFileType = folder.assetcatalog; path = Assets.xcassets; sourceTree = "<group>"; };
		24124C99284E245A00951E3D /* Base */ = {isa = PBXFileReference; lastKnownFileType = file.storyboard; name = Base; path = Base.lproj/LaunchScreen.storyboard; sourceTree = "<group>"; };
		24124C9B284E245A00951E3D /* Info.plist */ = {isa = PBXFileReference; lastKnownFileType = text.plist.xml; path = Info.plist; sourceTree = "<group>"; };
		241602F62858EE8D00CCFCEE /* WeatherView.swift */ = {isa = PBXFileReference; lastKnownFileType = sourcecode.swift; path = WeatherView.swift; sourceTree = "<group>"; };
		241602F92858F26D00CCFCEE /* Roboto-Bold.ttf */ = {isa = PBXFileReference; lastKnownFileType = file; path = "Roboto-Bold.ttf"; sourceTree = "<group>"; };
		241602FA2858F26D00CCFCEE /* Roboto-Medium.ttf */ = {isa = PBXFileReference; lastKnownFileType = file; path = "Roboto-Medium.ttf"; sourceTree = "<group>"; };
		241602FF2858F3B500CCFCEE /* UIView + Extensions.swift */ = {isa = PBXFileReference; lastKnownFileType = sourcecode.swift; path = "UIView + Extensions.swift"; sourceTree = "<group>"; };
		241603012858F4CC00CCFCEE /* UIFont + Extensions.swift */ = {isa = PBXFileReference; lastKnownFileType = sourcecode.swift; path = "UIFont + Extensions.swift"; sourceTree = "<group>"; };
		241603032858F50F00CCFCEE /* UIColor + Extensions.swift */ = {isa = PBXFileReference; lastKnownFileType = sourcecode.swift; path = "UIColor + Extensions.swift"; sourceTree = "<group>"; };
		2481054C2857A91000F2B9AE /* CalendarView.swift */ = {isa = PBXFileReference; lastKnownFileType = sourcecode.swift; path = CalendarView.swift; sourceTree = "<group>"; };
/* End PBXFileReference section */

/* Begin PBXFrameworksBuildPhase section */
		24124C87284E245800951E3D /* Frameworks */ = {
			isa = PBXFrameworksBuildPhase;
			buildActionMask = 2147483647;
			files = (
			);
			runOnlyForDeploymentPostprocessing = 0;
		};
/* End PBXFrameworksBuildPhase section */

/* Begin PBXGroup section */
		24124C81284E245800951E3D = {
			isa = PBXGroup;
			children = (
				24124C8C284E245800951E3D /* Fitness_App */,
				24124C8B284E245800951E3D /* Products */,
			);
			sourceTree = "<group>";
		};
		24124C8B284E245800951E3D /* Products */ = {
			isa = PBXGroup;
			children = (
				24124C8A284E245800951E3D /* Fitness_App.app */,
			);
			name = Products;
			sourceTree = "<group>";
		};
		24124C8C284E245800951E3D /* Fitness_App */ = {
			isa = PBXGroup;
			children = (
				2481054528579E4600F2B9AE /* Application  */,
				2481054A2857A1C600F2B9AE /* MainModule */,
				241602FD2858F38A00CCFCEE /* Extensions */,
				2481054928579E8000F2B9AE /* Resources */,
			);
			path = Fitness_App;
			sourceTree = "<group>";
		};
		241602F82858F24B00CCFCEE /* Fonts */ = {
			isa = PBXGroup;
			children = (
				241602F92858F26D00CCFCEE /* Roboto-Bold.ttf */,
				241602FA2858F26D00CCFCEE /* Roboto-Medium.ttf */,
			);
			path = Fonts;
			sourceTree = "<group>";
		};
		241602FD2858F38A00CCFCEE /* Extensions */ = {
			isa = PBXGroup;
			children = (
				241602FE2858F39B00CCFCEE /* UIKit */,
			);
			path = Extensions;
			sourceTree = "<group>";
		};
		241602FE2858F39B00CCFCEE /* UIKit */ = {
			isa = PBXGroup;
			children = (
				241602FF2858F3B500CCFCEE /* UIView + Extensions.swift */,
				241603012858F4CC00CCFCEE /* UIFont + Extensions.swift */,
				241603032858F50F00CCFCEE /* UIColor + Extensions.swift */,
			);
			path = UIKit;
			sourceTree = "<group>";
		};
		2481054528579E4600F2B9AE /* Application  */ = {
			isa = PBXGroup;
			children = (
				24124C8D284E245800951E3D /* AppDelegate.swift */,
				24124C8F284E245800951E3D /* SceneDelegate.swift */,
			);
			path = "Application ";
			sourceTree = "<group>";
		};
		2481054628579E6400F2B9AE /* Models */ = {
			isa = PBXGroup;
			children = (
			);
			path = Models;
			sourceTree = "<group>";
		};
		2481054728579E6D00F2B9AE /* Views */ = {
			isa = PBXGroup;
			children = (
				2481054C2857A91000F2B9AE /* CalendarView.swift */,
				241602F62858EE8D00CCFCEE /* WeatherView.swift */,
			);
			path = Views;
			sourceTree = "<group>";
		};
		2481054828579E7500F2B9AE /* Controller */ = {
			isa = PBXGroup;
			children = (
				24124C91284E245800951E3D /* MainViewController.swift */,
			);
			path = Controller;
			sourceTree = "<group>";
		};
		2481054928579E8000F2B9AE /* Resources */ = {
			isa = PBXGroup;
			children = (
				241602F82858F24B00CCFCEE /* Fonts */,
				24124C96284E245A00951E3D /* Assets.xcassets */,
				24124C98284E245A00951E3D /* LaunchScreen.storyboard */,
				24124C9B284E245A00951E3D /* Info.plist */,
			);
			path = Resources;
			sourceTree = "<group>";
		};
		2481054A2857A1C600F2B9AE /* MainModule */ = {
			isa = PBXGroup;
			children = (
				2481054628579E6400F2B9AE /* Models */,
				2481054728579E6D00F2B9AE /* Views */,
				2481054828579E7500F2B9AE /* Controller */,
			);
			path = MainModule;
			sourceTree = "<group>";
		};
/* End PBXGroup section */

/* Begin PBXNativeTarget section */
		24124C89284E245800951E3D /* Fitness_App */ = {
			isa = PBXNativeTarget;
			buildConfigurationList = 24124C9E284E245A00951E3D /* Build configuration list for PBXNativeTarget "Fitness_App" */;
			buildPhases = (
				24124C86284E245800951E3D /* Sources */,
				24124C87284E245800951E3D /* Frameworks */,
				24124C88284E245800951E3D /* Resources */,
			);
			buildRules = (
			);
			dependencies = (
			);
			name = Fitness_App;
			productName = Fitness_App;
			productReference = 24124C8A284E245800951E3D /* Fitness_App.app */;
			productType = "com.apple.product-type.application";
		};
/* End PBXNativeTarget section */

/* Begin PBXProject section */
		24124C82284E245800951E3D /* Project object */ = {
			isa = PBXProject;
			attributes = {
				BuildIndependentTargetsInParallel = 1;
				LastSwiftUpdateCheck = 1340;
				LastUpgradeCheck = 1340;
				TargetAttributes = {
					24124C89284E245800951E3D = {
						CreatedOnToolsVersion = 13.4.1;
					};
				};
			};
			buildConfigurationList = 24124C85284E245800951E3D /* Build configuration list for PBXProject "Fitness_App" */;
			compatibilityVersion = "Xcode 13.0";
			developmentRegion = en;
			hasScannedForEncodings = 0;
			knownRegions = (
				en,
				Base,
			);
			mainGroup = 24124C81284E245800951E3D;
			productRefGroup = 24124C8B284E245800951E3D /* Products */;
			projectDirPath = "";
			projectRoot = "";
			targets = (
				24124C89284E245800951E3D /* Fitness_App */,
			);
		};
/* End PBXProject section */

/* Begin PBXResourcesBuildPhase section */
		24124C88284E245800951E3D /* Resources */ = {
			isa = PBXResourcesBuildPhase;
			buildActionMask = 2147483647;
			files = (
				241602FC2858F26D00CCFCEE /* Roboto-Medium.ttf in Resources */,
				24124C9A284E245A00951E3D /* LaunchScreen.storyboard in Resources */,
				24124C97284E245A00951E3D /* Assets.xcassets in Resources */,
				241602FB2858F26D00CCFCEE /* Roboto-Bold.ttf in Resources */,
			);
			runOnlyForDeploymentPostprocessing = 0;
		};
/* End PBXResourcesBuildPhase section */

/* Begin PBXSourcesBuildPhase section */
		24124C86284E245800951E3D /* Sources */ = {
			isa = PBXSourcesBuildPhase;
			buildActionMask = 2147483647;
			files = (
				241602F72858EE8D00CCFCEE /* WeatherView.swift in Sources */,
				241603022858F4CC00CCFCEE /* UIFont + Extensions.swift in Sources */,
				24124C92284E245800951E3D /* MainViewController.swift in Sources */,
				24124C8E284E245800951E3D /* AppDelegate.swift in Sources */,
				2481054D2857A91000F2B9AE /* CalendarView.swift in Sources */,
				241603042858F50F00CCFCEE /* UIColor + Extensions.swift in Sources */,
				241603002858F3B500CCFCEE /* UIView + Extensions.swift in Sources */,
				24124C90284E245800951E3D /* SceneDelegate.swift in Sources */,
			);
			runOnlyForDeploymentPostprocessing = 0;
		};
/* End PBXSourcesBuildPhase section */

/* Begin PBXVariantGroup section */
		24124C98284E245A00951E3D /* LaunchScreen.storyboard */ = {
			isa = PBXVariantGroup;
			children = (
				24124C99284E245A00951E3D /* Base */,
			);
			name = LaunchScreen.storyboard;
			sourceTree = "<group>";
		};
/* End PBXVariantGroup section */

/* Begin XCBuildConfiguration section */
		24124C9C284E245A00951E3D /* Debug */ = {
			isa = XCBuildConfiguration;
			buildSettings = {
				ALWAYS_SEARCH_USER_PATHS = NO;
				CLANG_ANALYZER_NONNULL = YES;
				CLANG_ANALYZER_NUMBER_OBJECT_CONVERSION = YES_AGGRESSIVE;
				CLANG_CXX_LANGUAGE_STANDARD = "gnu++17";
				CLANG_ENABLE_MODULES = YES;
				CLANG_ENABLE_OBJC_ARC = YES;
				CLANG_ENABLE_OBJC_WEAK = YES;
				CLANG_WARN_BLOCK_CAPTURE_AUTORELEASING = YES;
				CLANG_WARN_BOOL_CONVERSION = YES;
				CLANG_WARN_COMMA = YES;
				CLANG_WARN_CONSTANT_CONVERSION = YES;
				CLANG_WARN_DEPRECATED_OBJC_IMPLEMENTATIONS = YES;
				CLANG_WARN_DIRECT_OBJC_ISA_USAGE = YES_ERROR;
				CLANG_WARN_DOCUMENTATION_COMMENTS = YES;
				CLANG_WARN_EMPTY_BODY = YES;
				CLANG_WARN_ENUM_CONVERSION = YES;
				CLANG_WARN_INFINITE_RECURSION = YES;
				CLANG_WARN_INT_CONVERSION = YES;
				CLANG_WARN_NON_LITERAL_NULL_CONVERSION = YES;
				CLANG_WARN_OBJC_IMPLICIT_RETAIN_SELF = YES;
				CLANG_WARN_OBJC_LITERAL_CONVERSION = YES;
				CLANG_WARN_OBJC_ROOT_CLASS = YES_ERROR;
				CLANG_WARN_QUOTED_INCLUDE_IN_FRAMEWORK_HEADER = YES;
				CLANG_WARN_RANGE_LOOP_ANALYSIS = YES;
				CLANG_WARN_STRICT_PROTOTYPES = YES;
				CLANG_WARN_SUSPICIOUS_MOVE = YES;
				CLANG_WARN_UNGUARDED_AVAILABILITY = YES_AGGRESSIVE;
				CLANG_WARN_UNREACHABLE_CODE = YES;
				CLANG_WARN__DUPLICATE_METHOD_MATCH = YES;
				COPY_PHASE_STRIP = NO;
				DEBUG_INFORMATION_FORMAT = dwarf;
				ENABLE_STRICT_OBJC_MSGSEND = YES;
				ENABLE_TESTABILITY = YES;
				GCC_C_LANGUAGE_STANDARD = gnu11;
				GCC_DYNAMIC_NO_PIC = NO;
				GCC_NO_COMMON_BLOCKS = YES;
				GCC_OPTIMIZATION_LEVEL = 0;
				GCC_PREPROCESSOR_DEFINITIONS = (
					"DEBUG=1",
					"$(inherited)",
				);
				GCC_WARN_64_TO_32_BIT_CONVERSION = YES;
				GCC_WARN_ABOUT_RETURN_TYPE = YES_ERROR;
				GCC_WARN_UNDECLARED_SELECTOR = YES;
				GCC_WARN_UNINITIALIZED_AUTOS = YES_AGGRESSIVE;
				GCC_WARN_UNUSED_FUNCTION = YES;
				GCC_WARN_UNUSED_VARIABLE = YES;
				IPHONEOS_DEPLOYMENT_TARGET = 15.5;
				MTL_ENABLE_DEBUG_INFO = INCLUDE_SOURCE;
				MTL_FAST_MATH = YES;
				ONLY_ACTIVE_ARCH = YES;
				SDKROOT = iphoneos;
				SWIFT_ACTIVE_COMPILATION_CONDITIONS = DEBUG;
				SWIFT_OPTIMIZATION_LEVEL = "-Onone";
			};
			name = Debug;
		};
		24124C9D284E245A00951E3D /* Release */ = {
			isa = XCBuildConfiguration;
			buildSettings = {
				ALWAYS_SEARCH_USER_PATHS = NO;
				CLANG_ANALYZER_NONNULL = YES;
				CLANG_ANALYZER_NUMBER_OBJECT_CONVERSION = YES_AGGRESSIVE;
				CLANG_CXX_LANGUAGE_STANDARD = "gnu++17";
				CLANG_ENABLE_MODULES = YES;
				CLANG_ENABLE_OBJC_ARC = YES;
				CLANG_ENABLE_OBJC_WEAK = YES;
				CLANG_WARN_BLOCK_CAPTURE_AUTORELEASING = YES;
				CLANG_WARN_BOOL_CONVERSION = YES;
				CLANG_WARN_COMMA = YES;
				CLANG_WARN_CONSTANT_CONVERSION = YES;
				CLANG_WARN_DEPRECATED_OBJC_IMPLEMENTATIONS = YES;
				CLANG_WARN_DIRECT_OBJC_ISA_USAGE = YES_ERROR;
				CLANG_WARN_DOCUMENTATION_COMMENTS = YES;
				CLANG_WARN_EMPTY_BODY = YES;
				CLANG_WARN_ENUM_CONVERSION = YES;
				CLANG_WARN_INFINITE_RECURSION = YES;
				CLANG_WARN_INT_CONVERSION = YES;
				CLANG_WARN_NON_LITERAL_NULL_CONVERSION = YES;
				CLANG_WARN_OBJC_IMPLICIT_RETAIN_SELF = YES;
				CLANG_WARN_OBJC_LITERAL_CONVERSION = YES;
				CLANG_WARN_OBJC_ROOT_CLASS = YES_ERROR;
				CLANG_WARN_QUOTED_INCLUDE_IN_FRAMEWORK_HEADER = YES;
				CLANG_WARN_RANGE_LOOP_ANALYSIS = YES;
				CLANG_WARN_STRICT_PROTOTYPES = YES;
				CLANG_WARN_SUSPICIOUS_MOVE = YES;
				CLANG_WARN_UNGUARDED_AVAILABILITY = YES_AGGRESSIVE;
				CLANG_WARN_UNREACHABLE_CODE = YES;
				CLANG_WARN__DUPLICATE_METHOD_MATCH = YES;
				COPY_PHASE_STRIP = NO;
				DEBUG_INFORMATION_FORMAT = "dwarf-with-dsym";
				ENABLE_NS_ASSERTIONS = NO;
				ENABLE_STRICT_OBJC_MSGSEND = YES;
				GCC_C_LANGUAGE_STANDARD = gnu11;
				GCC_NO_COMMON_BLOCKS = YES;
				GCC_WARN_64_TO_32_BIT_CONVERSION = YES;
				GCC_WARN_ABOUT_RETURN_TYPE = YES_ERROR;
				GCC_WARN_UNDECLARED_SELECTOR = YES;
				GCC_WARN_UNINITIALIZED_AUTOS = YES_AGGRESSIVE;
				GCC_WARN_UNUSED_FUNCTION = YES;
				GCC_WARN_UNUSED_VARIABLE = YES;
				IPHONEOS_DEPLOYMENT_TARGET = 15.5;
				MTL_ENABLE_DEBUG_INFO = NO;
				MTL_FAST_MATH = YES;
				SDKROOT = iphoneos;
				SWIFT_COMPILATION_MODE = wholemodule;
				SWIFT_OPTIMIZATION_LEVEL = "-O";
				VALIDATE_PRODUCT = YES;
			};
			name = Release;
		};
		24124C9F284E245A00951E3D /* Debug */ = {
			isa = XCBuildConfiguration;
			buildSettings = {
				ASSETCATALOG_COMPILER_APPICON_NAME = AppIcon;
				ASSETCATALOG_COMPILER_GLOBAL_ACCENT_COLOR_NAME = AccentColor;
				CODE_SIGN_STYLE = Automatic;
				CURRENT_PROJECT_VERSION = 1;
				DEVELOPMENT_TEAM = UJRW24XH5L;
				GENERATE_INFOPLIST_FILE = YES;
				INFOPLIST_FILE = Fitness_App/Resources/Info.plist;
				INFOPLIST_KEY_UIApplicationSupportsIndirectInputEvents = YES;
				INFOPLIST_KEY_UILaunchStoryboardName = LaunchScreen;
				INFOPLIST_KEY_UISupportedInterfaceOrientations_iPad = "UIInterfaceOrientationPortrait UIInterfaceOrientationPortraitUpsideDown UIInterfaceOrientationLandscapeLeft UIInterfaceOrientationLandscapeRight";
				INFOPLIST_KEY_UISupportedInterfaceOrientations_iPhone = "UIInterfaceOrientationPortrait UIInterfaceOrientationLandscapeLeft UIInterfaceOrientationLandscapeRight";
				LD_RUNPATH_SEARCH_PATHS = (
					"$(inherited)",
					"@executable_path/Frameworks",
				);
				MARKETING_VERSION = 1.0;
				PRODUCT_BUNDLE_IDENTIFIER = "kodder.Fitness-App";
				PRODUCT_NAME = "$(TARGET_NAME)";
				SWIFT_EMIT_LOC_STRINGS = YES;
				SWIFT_VERSION = 5.0;
				TARGETED_DEVICE_FAMILY = "1,2";
			};
			name = Debug;
		};
		24124CA0284E245A00951E3D /* Release */ = {
			isa = XCBuildConfiguration;
			buildSettings = {
				ASSETCATALOG_COMPILER_APPICON_NAME = AppIcon;
				ASSETCATALOG_COMPILER_GLOBAL_ACCENT_COLOR_NAME = AccentColor;
				CODE_SIGN_STYLE = Automatic;
				CURRENT_PROJECT_VERSION = 1;
				DEVELOPMENT_TEAM = UJRW24XH5L;
				GENERATE_INFOPLIST_FILE = YES;
				INFOPLIST_FILE = Fitness_App/Resources/Info.plist;
				INFOPLIST_KEY_UIApplicationSupportsIndirectInputEvents = YES;
				INFOPLIST_KEY_UILaunchStoryboardName = LaunchScreen;
				INFOPLIST_KEY_UISupportedInterfaceOrientations_iPad = "UIInterfaceOrientationPortrait UIInterfaceOrientationPortraitUpsideDown UIInterfaceOrientationLandscapeLeft UIInterfaceOrientationLandscapeRight";
				INFOPLIST_KEY_UISupportedInterfaceOrientations_iPhone = "UIInterfaceOrientationPortrait UIInterfaceOrientationLandscapeLeft UIInterfaceOrientationLandscapeRight";
				LD_RUNPATH_SEARCH_PATHS = (
					"$(inherited)",
					"@executable_path/Frameworks",
				);
				MARKETING_VERSION = 1.0;
				PRODUCT_BUNDLE_IDENTIFIER = "kodder.Fitness-App";
				PRODUCT_NAME = "$(TARGET_NAME)";
				SWIFT_EMIT_LOC_STRINGS = YES;
				SWIFT_VERSION = 5.0;
				TARGETED_DEVICE_FAMILY = "1,2";
			};
			name = Release;
		};
/* End XCBuildConfiguration section */

/* Begin XCConfigurationList section */
		24124C85284E245800951E3D /* Build configuration list for PBXProject "Fitness_App" */ = {
			isa = XCConfigurationList;
			buildConfigurations = (
				24124C9C284E245A00951E3D /* Debug */,
				24124C9D284E245A00951E3D /* Release */,
			);
			defaultConfigurationIsVisible = 0;
			defaultConfigurationName = Release;
		};
		24124C9E284E245A00951E3D /* Build configuration list for PBXNativeTarget "Fitness_App" */ = {
			isa = XCConfigurationList;
			buildConfigurations = (
				24124C9F284E245A00951E3D /* Debug */,
				24124CA0284E245A00951E3D /* Release */,
			);
			defaultConfigurationIsVisible = 0;
			defaultConfigurationName = Release;
		};
/* End XCConfigurationList section */
	};
	rootObject = 24124C82284E245800951E3D /* Project object */;
}
